
Microsoft Visual Studio Solution File, Format Version 12.00
# Visual Studio Version 17
VisualStudioVersion = 17.11.35312.102
MinimumVisualStudioVersion = 10.0.40219.1
Project("{FAE04EC0-301F-11D3-BF4B-00C04F79EFBC}") = "Tyrian-Zero", "Tyrian-Zero.csproj", "{2A6E96C5-8D7E-4996-BA5F-E9D267155C1C}"
EndProject
Global
	GlobalSection(SolutionConfigurationPlatforms) = preSolution
		Debug|Any CPU = Debug|Any CPU
		Release|Any CPU = Release|Any CPU
	EndGlobalSection
	GlobalSection(ProjectConfigurationPlatforms) = postSolution
		{2A6E96C5-8D7E-4996-BA5F-E9D267155C1C}.Debug|Any CPU.ActiveCfg = Debug|Any CPU
		{2A6E96C5-8D7E-4996-BA5F-E9D267155C1C}.Debug|Any CPU.Build.0 = Debug|Any CPU
		{2A6E96C5-8D7E-4996-BA5F-E9D267155C1C}.Release|Any CPU.ActiveCfg = Release|Any CPU
		{2A6E96C5-8D7E-4996-BA5F-E9D267155C1C}.Release|Any CPU.Build.0 = Release|Any CPU
	EndGlobalSection
	GlobalSection(SolutionProperties) = preSolution
		HideSolutionNode = FALSE
	EndGlobalSection
	GlobalSection(ExtensibilityGlobals) = postSolution
		SolutionGuid = {6FDAE7BF-AF88-4758-9211-8FFDD86AF1CD}
	EndGlobalSection
EndGlobal
